// !$*UTF8*$!
{
	archiveVersion = 1;
	classes = {
	};
	objectVersion = 46;
	objects = {

/* Begin PBXBuildFile section */
		07347A541D1C62FC0040457E /* ArithmeticTools.framework in Frameworks */ = {isa = PBXBuildFile; fileRef = 07347A441D1C62FC0040457E /* ArithmeticTools.framework */; };
		07347A581D1C62FC0040457E /* EnsembleTools.framework in Frameworks */ = {isa = PBXBuildFile; fileRef = 07347A481D1C62FC0040457E /* EnsembleTools.framework */; };
		07347A591D1C62FC0040457E /* EnumTools.framework in Frameworks */ = {isa = PBXBuildFile; fileRef = 07347A491D1C62FC0040457E /* EnumTools.framework */; };
		07347A5B1D1C62FC0040457E /* GraphicsTools.framework in Frameworks */ = {isa = PBXBuildFile; fileRef = 07347A4B1D1C62FC0040457E /* GraphicsTools.framework */; };
		07347A5D1D1C62FC0040457E /* PeerKit.framework in Frameworks */ = {isa = PBXBuildFile; fileRef = 07347A4D1D1C62FC0040457E /* PeerKit.framework */; };
		07347A5E1D1C62FC0040457E /* Pitch.framework in Frameworks */ = {isa = PBXBuildFile; fileRef = 07347A4E1D1C62FC0040457E /* Pitch.framework */; };
		07347A5F1D1C62FC0040457E /* PitchSpellingTools.framework in Frameworks */ = {isa = PBXBuildFile; fileRef = 07347A4F1D1C62FC0040457E /* PitchSpellingTools.framework */; };
		07347A601D1C62FC0040457E /* Staff.framework in Frameworks */ = {isa = PBXBuildFile; fileRef = 07347A501D1C62FC0040457E /* Staff.framework */; };
		07347A611D1C62FC0040457E /* StringTools.framework in Frameworks */ = {isa = PBXBuildFile; fileRef = 07347A511D1C62FC0040457E /* StringTools.framework */; };
		07347A641D1C63070040457E /* ArithmeticTools.framework in Frameworks */ = {isa = PBXBuildFile; fileRef = 07347A441D1C62FC0040457E /* ArithmeticTools.framework */; };
		07347A651D1C63070040457E /* ArithmeticTools.framework in Embed Frameworks */ = {isa = PBXBuildFile; fileRef = 07347A441D1C62FC0040457E /* ArithmeticTools.framework */; settings = {ATTRIBUTES = (CodeSignOnCopy, RemoveHeadersOnCopy, ); }; };
		07347A661D1C63070040457E /* ArrayTools.framework in Frameworks */ = {isa = PBXBuildFile; fileRef = 07347A451D1C62FC0040457E /* ArrayTools.framework */; };
		07347A671D1C63070040457E /* ArrayTools.framework in Embed Frameworks */ = {isa = PBXBuildFile; fileRef = 07347A451D1C62FC0040457E /* ArrayTools.framework */; settings = {ATTRIBUTES = (CodeSignOnCopy, RemoveHeadersOnCopy, ); }; };
		07347A681D1C63070040457E /* Color.framework in Frameworks */ = {isa = PBXBuildFile; fileRef = 07347A461D1C62FC0040457E /* Color.framework */; };
		07347A691D1C63070040457E /* Color.framework in Embed Frameworks */ = {isa = PBXBuildFile; fileRef = 07347A461D1C62FC0040457E /* Color.framework */; settings = {ATTRIBUTES = (CodeSignOnCopy, RemoveHeadersOnCopy, ); }; };
		07347A6A1D1C63070040457E /* DictionaryTools.framework in Frameworks */ = {isa = PBXBuildFile; fileRef = 07347A471D1C62FC0040457E /* DictionaryTools.framework */; };
		07347A6B1D1C63070040457E /* DictionaryTools.framework in Embed Frameworks */ = {isa = PBXBuildFile; fileRef = 07347A471D1C62FC0040457E /* DictionaryTools.framework */; settings = {ATTRIBUTES = (CodeSignOnCopy, RemoveHeadersOnCopy, ); }; };
		07347A6C1D1C63070040457E /* EnsembleTools.framework in Frameworks */ = {isa = PBXBuildFile; fileRef = 07347A481D1C62FC0040457E /* EnsembleTools.framework */; };
		07347A6D1D1C63070040457E /* EnsembleTools.framework in Embed Frameworks */ = {isa = PBXBuildFile; fileRef = 07347A481D1C62FC0040457E /* EnsembleTools.framework */; settings = {ATTRIBUTES = (CodeSignOnCopy, RemoveHeadersOnCopy, ); }; };
		07347A6F1D1C63070040457E /* EnumTools.framework in Embed Frameworks */ = {isa = PBXBuildFile; fileRef = 07347A491D1C62FC0040457E /* EnumTools.framework */; settings = {ATTRIBUTES = (CodeSignOnCopy, RemoveHeadersOnCopy, ); }; };
		07347A701D1C63070040457E /* Graph.framework in Frameworks */ = {isa = PBXBuildFile; fileRef = 07347A4A1D1C62FC0040457E /* Graph.framework */; };
		07347A711D1C63070040457E /* Graph.framework in Embed Frameworks */ = {isa = PBXBuildFile; fileRef = 07347A4A1D1C62FC0040457E /* Graph.framework */; settings = {ATTRIBUTES = (CodeSignOnCopy, RemoveHeadersOnCopy, ); }; };
		07347A721D1C63070040457E /* GraphicsTools.framework in Frameworks */ = {isa = PBXBuildFile; fileRef = 07347A4B1D1C62FC0040457E /* GraphicsTools.framework */; };
		07347A731D1C63070040457E /* GraphicsTools.framework in Embed Frameworks */ = {isa = PBXBuildFile; fileRef = 07347A4B1D1C62FC0040457E /* GraphicsTools.framework */; settings = {ATTRIBUTES = (CodeSignOnCopy, RemoveHeadersOnCopy, ); }; };
		07347A741D1C63070040457E /* PathTools.framework in Frameworks */ = {isa = PBXBuildFile; fileRef = 07347A4C1D1C62FC0040457E /* PathTools.framework */; };
		07347A751D1C63070040457E /* PathTools.framework in Embed Frameworks */ = {isa = PBXBuildFile; fileRef = 07347A4C1D1C62FC0040457E /* PathTools.framework */; settings = {ATTRIBUTES = (CodeSignOnCopy, RemoveHeadersOnCopy, ); }; };
		07347A771D1C63070040457E /* PeerKit.framework in Embed Frameworks */ = {isa = PBXBuildFile; fileRef = 07347A4D1D1C62FC0040457E /* PeerKit.framework */; settings = {ATTRIBUTES = (CodeSignOnCopy, RemoveHeadersOnCopy, ); }; };
		07347A791D1C63070040457E /* Pitch.framework in Embed Frameworks */ = {isa = PBXBuildFile; fileRef = 07347A4E1D1C62FC0040457E /* Pitch.framework */; settings = {ATTRIBUTES = (CodeSignOnCopy, RemoveHeadersOnCopy, ); }; };
		07347A7B1D1C63070040457E /* PitchSpellingTools.framework in Embed Frameworks */ = {isa = PBXBuildFile; fileRef = 07347A4F1D1C62FC0040457E /* PitchSpellingTools.framework */; settings = {ATTRIBUTES = (CodeSignOnCopy, RemoveHeadersOnCopy, ); }; };
		07347A7C1D1C63070040457E /* Staff.framework in Frameworks */ = {isa = PBXBuildFile; fileRef = 07347A501D1C62FC0040457E /* Staff.framework */; };
		07347A7D1D1C63070040457E /* Staff.framework in Embed Frameworks */ = {isa = PBXBuildFile; fileRef = 07347A501D1C62FC0040457E /* Staff.framework */; settings = {ATTRIBUTES = (CodeSignOnCopy, RemoveHeadersOnCopy, ); }; };
		07347A7F1D1C63070040457E /* StringTools.framework in Embed Frameworks */ = {isa = PBXBuildFile; fileRef = 07347A511D1C62FC0040457E /* StringTools.framework */; settings = {ATTRIBUTES = (CodeSignOnCopy, RemoveHeadersOnCopy, ); }; };
		07347A801D1C63070040457E /* Timeline.framework in Frameworks */ = {isa = PBXBuildFile; fileRef = 07347A521D1C62FC0040457E /* Timeline.framework */; };
		07347A811D1C63070040457E /* Timeline.framework in Embed Frameworks */ = {isa = PBXBuildFile; fileRef = 07347A521D1C62FC0040457E /* Timeline.framework */; settings = {ATTRIBUTES = (CodeSignOnCopy, RemoveHeadersOnCopy, ); }; };
		07347A821D1C63070040457E /* TreeTools.framework in Frameworks */ = {isa = PBXBuildFile; fileRef = 07347A531D1C62FC0040457E /* TreeTools.framework */; };
		07347A831D1C63070040457E /* TreeTools.framework in Embed Frameworks */ = {isa = PBXBuildFile; fileRef = 07347A531D1C62FC0040457E /* TreeTools.framework */; settings = {ATTRIBUTES = (CodeSignOnCopy, RemoveHeadersOnCopy, ); }; };
		075AFE821D1C666A00382E4A /* ScoreViewController.swift in Sources */ = {isa = PBXBuildFile; fileRef = 075AFE811D1C666A00382E4A /* ScoreViewController.swift */; };
		075AFE841D1C668D00382E4A /* InstructionsViewController.swift in Sources */ = {isa = PBXBuildFile; fileRef = 075AFE831D1C668D00382E4A /* InstructionsViewController.swift */; };
		075AFE861D1C66AE00382E4A /* PerformerSelectionViewController.swift in Sources */ = {isa = PBXBuildFile; fileRef = 075AFE851D1C66AE00382E4A /* PerformerSelectionViewController.swift */; };
		07611A741D241B33008C6C4F /* InstrumentKind.swift in Sources */ = {isa = PBXBuildFile; fileRef = 07611A731D241B33008C6C4F /* InstrumentKind.swift */; };
		0766716F1D1C589E002181B1 /* AppDelegate.swift in Sources */ = {isa = PBXBuildFile; fileRef = 0766716E1D1C589E002181B1 /* AppDelegate.swift */; };
		076671741D1C589E002181B1 /* Main.storyboard in Resources */ = {isa = PBXBuildFile; fileRef = 076671721D1C589E002181B1 /* Main.storyboard */; };
		076671761D1C589E002181B1 /* Assets.xcassets in Resources */ = {isa = PBXBuildFile; fileRef = 076671751D1C589E002181B1 /* Assets.xcassets */; };
		076671791D1C589E002181B1 /* LaunchScreen.storyboard in Resources */ = {isa = PBXBuildFile; fileRef = 076671771D1C589E002181B1 /* LaunchScreen.storyboard */; };
/* End PBXBuildFile section */

/* Begin PBXCopyFilesBuildPhase section */
		07347A841D1C63080040457E /* Embed Frameworks */ = {
			isa = PBXCopyFilesBuildPhase;
			buildActionMask = 2147483647;
			dstPath = "";
			dstSubfolderSpec = 10;
			files = (
				07347A831D1C63070040457E /* TreeTools.framework in Embed Frameworks */,
				07347A6B1D1C63070040457E /* DictionaryTools.framework in Embed Frameworks */,
				07347A791D1C63070040457E /* Pitch.framework in Embed Frameworks */,
				07347A671D1C63070040457E /* ArrayTools.framework in Embed Frameworks */,
				07347A691D1C63070040457E /* Color.framework in Embed Frameworks */,
				07347A711D1C63070040457E /* Graph.framework in Embed Frameworks */,
				07347A751D1C63070040457E /* PathTools.framework in Embed Frameworks */,
				07347A811D1C63070040457E /* Timeline.framework in Embed Frameworks */,
				07347A6F1D1C63070040457E /* EnumTools.framework in Embed Frameworks */,
				07347A731D1C63070040457E /* GraphicsTools.framework in Embed Frameworks */,
				07347A651D1C63070040457E /* ArithmeticTools.framework in Embed Frameworks */,
				07347A6D1D1C63070040457E /* EnsembleTools.framework in Embed Frameworks */,
				07347A7D1D1C63070040457E /* Staff.framework in Embed Frameworks */,
				07347A7F1D1C63070040457E /* StringTools.framework in Embed Frameworks */,
				07347A771D1C63070040457E /* PeerKit.framework in Embed Frameworks */,
				07347A7B1D1C63070040457E /* PitchSpellingTools.framework in Embed Frameworks */,
			);
			name = "Embed Frameworks";
			runOnlyForDeploymentPostprocessing = 0;
		};
/* End PBXCopyFilesBuildPhase section */

/* Begin PBXFileReference section */
		07347A441D1C62FC0040457E /* ArithmeticTools.framework */ = {isa = PBXFileReference; lastKnownFileType = wrapper.framework; name = ArithmeticTools.framework; path = Carthage/Build/iOS/ArithmeticTools.framework; sourceTree = "<group>"; };
		07347A451D1C62FC0040457E /* ArrayTools.framework */ = {isa = PBXFileReference; lastKnownFileType = wrapper.framework; name = ArrayTools.framework; path = Carthage/Build/iOS/ArrayTools.framework; sourceTree = "<group>"; };
		07347A461D1C62FC0040457E /* Color.framework */ = {isa = PBXFileReference; lastKnownFileType = wrapper.framework; name = Color.framework; path = Carthage/Build/iOS/Color.framework; sourceTree = "<group>"; };
		07347A471D1C62FC0040457E /* DictionaryTools.framework */ = {isa = PBXFileReference; lastKnownFileType = wrapper.framework; name = DictionaryTools.framework; path = Carthage/Build/iOS/DictionaryTools.framework; sourceTree = "<group>"; };
		07347A481D1C62FC0040457E /* EnsembleTools.framework */ = {isa = PBXFileReference; lastKnownFileType = wrapper.framework; name = EnsembleTools.framework; path = Carthage/Build/iOS/EnsembleTools.framework; sourceTree = "<group>"; };
		07347A491D1C62FC0040457E /* EnumTools.framework */ = {isa = PBXFileReference; lastKnownFileType = wrapper.framework; name = EnumTools.framework; path = Carthage/Build/iOS/EnumTools.framework; sourceTree = "<group>"; };
		07347A4A1D1C62FC0040457E /* Graph.framework */ = {isa = PBXFileReference; lastKnownFileType = wrapper.framework; name = Graph.framework; path = Carthage/Build/iOS/Graph.framework; sourceTree = "<group>"; };
		07347A4B1D1C62FC0040457E /* GraphicsTools.framework */ = {isa = PBXFileReference; lastKnownFileType = wrapper.framework; name = GraphicsTools.framework; path = Carthage/Build/iOS/GraphicsTools.framework; sourceTree = "<group>"; };
		07347A4C1D1C62FC0040457E /* PathTools.framework */ = {isa = PBXFileReference; lastKnownFileType = wrapper.framework; name = PathTools.framework; path = Carthage/Build/iOS/PathTools.framework; sourceTree = "<group>"; };
		07347A4D1D1C62FC0040457E /* PeerKit.framework */ = {isa = PBXFileReference; lastKnownFileType = wrapper.framework; name = PeerKit.framework; path = Carthage/Build/iOS/PeerKit.framework; sourceTree = "<group>"; };
		07347A4E1D1C62FC0040457E /* Pitch.framework */ = {isa = PBXFileReference; lastKnownFileType = wrapper.framework; name = Pitch.framework; path = Carthage/Build/iOS/Pitch.framework; sourceTree = "<group>"; };
		07347A4F1D1C62FC0040457E /* PitchSpellingTools.framework */ = {isa = PBXFileReference; lastKnownFileType = wrapper.framework; name = PitchSpellingTools.framework; path = Carthage/Build/iOS/PitchSpellingTools.framework; sourceTree = "<group>"; };
		07347A501D1C62FC0040457E /* Staff.framework */ = {isa = PBXFileReference; lastKnownFileType = wrapper.framework; name = Staff.framework; path = Carthage/Build/iOS/Staff.framework; sourceTree = "<group>"; };
		07347A511D1C62FC0040457E /* StringTools.framework */ = {isa = PBXFileReference; lastKnownFileType = wrapper.framework; name = StringTools.framework; path = Carthage/Build/iOS/StringTools.framework; sourceTree = "<group>"; };
		07347A521D1C62FC0040457E /* Timeline.framework */ = {isa = PBXFileReference; lastKnownFileType = wrapper.framework; name = Timeline.framework; path = Carthage/Build/iOS/Timeline.framework; sourceTree = "<group>"; };
		07347A531D1C62FC0040457E /* TreeTools.framework */ = {isa = PBXFileReference; lastKnownFileType = wrapper.framework; name = TreeTools.framework; path = Carthage/Build/iOS/TreeTools.framework; sourceTree = "<group>"; };
		075AFE811D1C666A00382E4A /* ScoreViewController.swift */ = {isa = PBXFileReference; fileEncoding = 4; lastKnownFileType = sourcecode.swift; path = ScoreViewController.swift; sourceTree = "<group>"; };
		075AFE831D1C668D00382E4A /* InstructionsViewController.swift */ = {isa = PBXFileReference; fileEncoding = 4; lastKnownFileType = sourcecode.swift; path = InstructionsViewController.swift; sourceTree = "<group>"; };
		075AFE851D1C66AE00382E4A /* PerformerSelectionViewController.swift */ = {isa = PBXFileReference; fileEncoding = 4; lastKnownFileType = sourcecode.swift; path = PerformerSelectionViewController.swift; sourceTree = "<group>"; };
		07611A731D241B33008C6C4F /* InstrumentKind.swift */ = {isa = PBXFileReference; fileEncoding = 4; lastKnownFileType = sourcecode.swift; path = InstrumentKind.swift; sourceTree = "<group>"; };
		0766716B1D1C589E002181B1 /* givenName-iOS.app */ = {isa = PBXFileReference; explicitFileType = wrapper.application; includeInIndex = 0; path = "givenName-iOS.app"; sourceTree = BUILT_PRODUCTS_DIR; };
		0766716E1D1C589E002181B1 /* AppDelegate.swift */ = {isa = PBXFileReference; lastKnownFileType = sourcecode.swift; path = AppDelegate.swift; sourceTree = "<group>"; };
		076671731D1C589E002181B1 /* Base */ = {isa = PBXFileReference; lastKnownFileType = file.storyboard; name = Base; path = Base.lproj/Main.storyboard; sourceTree = "<group>"; };
		076671751D1C589E002181B1 /* Assets.xcassets */ = {isa = PBXFileReference; lastKnownFileType = folder.assetcatalog; path = Assets.xcassets; sourceTree = "<group>"; };
		076671781D1C589E002181B1 /* Base */ = {isa = PBXFileReference; lastKnownFileType = file.storyboard; name = Base; path = Base.lproj/LaunchScreen.storyboard; sourceTree = "<group>"; };
		0766717A1D1C589E002181B1 /* Info.plist */ = {isa = PBXFileReference; lastKnownFileType = text.plist.xml; path = Info.plist; sourceTree = "<group>"; };
/* End PBXFileReference section */

/* Begin PBXFrameworksBuildPhase section */
		076671681D1C589E002181B1 /* Frameworks */ = {
			isa = PBXFrameworksBuildPhase;
			buildActionMask = 2147483647;
			files = (
				07347A5E1D1C62FC0040457E /* Pitch.framework in Frameworks */,
				07347A681D1C63070040457E /* Color.framework in Frameworks */,
				07347A591D1C62FC0040457E /* EnumTools.framework in Frameworks */,
				07347A5B1D1C62FC0040457E /* GraphicsTools.framework in Frameworks */,
				07347A661D1C63070040457E /* ArrayTools.framework in Frameworks */,
				07347A821D1C63070040457E /* TreeTools.framework in Frameworks */,
				07347A721D1C63070040457E /* GraphicsTools.framework in Frameworks */,
				07347A541D1C62FC0040457E /* ArithmeticTools.framework in Frameworks */,
				07347A801D1C63070040457E /* Timeline.framework in Frameworks */,
				07347A581D1C62FC0040457E /* EnsembleTools.framework in Frameworks */,
				07347A601D1C62FC0040457E /* Staff.framework in Frameworks */,
				07347A701D1C63070040457E /* Graph.framework in Frameworks */,
				07347A611D1C62FC0040457E /* StringTools.framework in Frameworks */,
				07347A6A1D1C63070040457E /* DictionaryTools.framework in Frameworks */,
				07347A741D1C63070040457E /* PathTools.framework in Frameworks */,
				07347A7C1D1C63070040457E /* Staff.framework in Frameworks */,
				07347A5D1D1C62FC0040457E /* PeerKit.framework in Frameworks */,
				07347A641D1C63070040457E /* ArithmeticTools.framework in Frameworks */,
				07347A5F1D1C62FC0040457E /* PitchSpellingTools.framework in Frameworks */,
				07347A6C1D1C63070040457E /* EnsembleTools.framework in Frameworks */,
			);
			runOnlyForDeploymentPostprocessing = 0;
		};
/* End PBXFrameworksBuildPhase section */

/* Begin PBXGroup section */
		075AFE791D1C64E800382E4A /* ViewControllers */ = {
			isa = PBXGroup;
			children = (
				075AFE851D1C66AE00382E4A /* PerformerSelectionViewController.swift */,
				075AFE831D1C668D00382E4A /* InstructionsViewController.swift */,
				075AFE811D1C666A00382E4A /* ScoreViewController.swift */,
			);
			name = ViewControllers;
			sourceTree = "<group>";
		};
		07611A721D241B33008C6C4F /* Common */ = {
			isa = PBXGroup;
			children = (
				07611A731D241B33008C6C4F /* InstrumentKind.swift */,
			);
			name = Common;
			path = ../../Common;
			sourceTree = "<group>";
		};
		076671621D1C589E002181B1 = {
			isa = PBXGroup;
			children = (
				0766719C1D1C5987002181B1 /* Frameworks */,
				0766716D1D1C589E002181B1 /* givenName-iOS */,
				0766716C1D1C589E002181B1 /* Products */,
			);
			sourceTree = "<group>";
		};
		0766716C1D1C589E002181B1 /* Products */ = {
			isa = PBXGroup;
			children = (
				0766716B1D1C589E002181B1 /* givenName-iOS.app */,
			);
			name = Products;
			sourceTree = "<group>";
		};
		0766716D1D1C589E002181B1 /* givenName-iOS */ = {
			isa = PBXGroup;
			children = (
				07611A721D241B33008C6C4F /* Common */,
				075AFE791D1C64E800382E4A /* ViewControllers */,
				0766716E1D1C589E002181B1 /* AppDelegate.swift */,
				076671721D1C589E002181B1 /* Main.storyboard */,
				076671751D1C589E002181B1 /* Assets.xcassets */,
				076671771D1C589E002181B1 /* LaunchScreen.storyboard */,
				0766717A1D1C589E002181B1 /* Info.plist */,
			);
			path = "givenName-iOS";
			sourceTree = "<group>";
		};
		0766719C1D1C5987002181B1 /* Frameworks */ = {
			isa = PBXGroup;
			children = (
				07347A441D1C62FC0040457E /* ArithmeticTools.framework */,
				07347A451D1C62FC0040457E /* ArrayTools.framework */,
				07347A461D1C62FC0040457E /* Color.framework */,
				07347A471D1C62FC0040457E /* DictionaryTools.framework */,
				07347A481D1C62FC0040457E /* EnsembleTools.framework */,
				07347A491D1C62FC0040457E /* EnumTools.framework */,
				07347A4A1D1C62FC0040457E /* Graph.framework */,
				07347A4B1D1C62FC0040457E /* GraphicsTools.framework */,
				07347A4C1D1C62FC0040457E /* PathTools.framework */,
				07347A4D1D1C62FC0040457E /* PeerKit.framework */,
				07347A4E1D1C62FC0040457E /* Pitch.framework */,
				07347A4F1D1C62FC0040457E /* PitchSpellingTools.framework */,
				07347A501D1C62FC0040457E /* Staff.framework */,
				07347A511D1C62FC0040457E /* StringTools.framework */,
				07347A521D1C62FC0040457E /* Timeline.framework */,
				07347A531D1C62FC0040457E /* TreeTools.framework */,
			);
			name = Frameworks;
			sourceTree = "<group>";
		};
/* End PBXGroup section */

/* Begin PBXNativeTarget section */
		0766716A1D1C589E002181B1 /* givenName-iOS */ = {
			isa = PBXNativeTarget;
			buildConfigurationList = 0766717D1D1C589E002181B1 /* Build configuration list for PBXNativeTarget "givenName-iOS" */;
			buildPhases = (
				076671671D1C589E002181B1 /* Sources */,
				076671681D1C589E002181B1 /* Frameworks */,
				076671691D1C589E002181B1 /* Resources */,
				07347A841D1C63080040457E /* Embed Frameworks */,
				07347A851D1C634A0040457E /* ShellScript */,
			);
			buildRules = (
			);
			dependencies = (
			);
			name = "givenName-iOS";
			productName = "givenName-iOS";
			productReference = 0766716B1D1C589E002181B1 /* givenName-iOS.app */;
			productType = "com.apple.product-type.application";
		};
/* End PBXNativeTarget section */

/* Begin PBXProject section */
		076671631D1C589E002181B1 /* Project object */ = {
			isa = PBXProject;
			attributes = {
				LastSwiftUpdateCheck = 0730;
				LastUpgradeCheck = 0730;
				ORGANIZATIONNAME = "James Bean";
				TargetAttributes = {
					0766716A1D1C589E002181B1 = {
						CreatedOnToolsVersion = 7.3.1;
						DevelopmentTeam = F8LCL8SXLX;
					};
				};
			};
			buildConfigurationList = 076671661D1C589E002181B1 /* Build configuration list for PBXProject "givenName-iOS" */;
			compatibilityVersion = "Xcode 3.2";
			developmentRegion = English;
			hasScannedForEncodings = 0;
			knownRegions = (
				en,
				Base,
			);
			mainGroup = 076671621D1C589E002181B1;
			productRefGroup = 0766716C1D1C589E002181B1 /* Products */;
			projectDirPath = "";
			projectRoot = "";
			targets = (
				0766716A1D1C589E002181B1 /* givenName-iOS */,
			);
		};
/* End PBXProject section */

/* Begin PBXResourcesBuildPhase section */
		076671691D1C589E002181B1 /* Resources */ = {
			isa = PBXResourcesBuildPhase;
			buildActionMask = 2147483647;
			files = (
				076671791D1C589E002181B1 /* LaunchScreen.storyboard in Resources */,
				076671761D1C589E002181B1 /* Assets.xcassets in Resources */,
				076671741D1C589E002181B1 /* Main.storyboard in Resources */,
			);
			runOnlyForDeploymentPostprocessing = 0;
		};
/* End PBXResourcesBuildPhase section */

/* Begin PBXShellScriptBuildPhase section */
		07347A851D1C634A0040457E /* ShellScript */ = {
			isa = PBXShellScriptBuildPhase;
			buildActionMask = 2147483647;
			files = (
			);
			inputPaths = (
				"$(SRCROOT)/Carthage/Build/iOS/ArithmeticTools.framework",
				"$(SRCROOT)/Carthage/Build/iOS/ArrayTools.framework",
				"$(SRCROOT)/Carthage/Build/iOS/Color.framework",
				"$(SRCROOT)/Carthage/Build/iOS/DictionaryTools.framework",
				"$(SRCROOT)/Carthage/Build/iOS/EnsembleTools.framework",
				"$(SRCROOT)/Carthage/Build/iOS/EnumTools.framework",
				"$(SRCROOT)/Carthage/Build/iOS/Graph.framework",
				"$(SRCROOT)/Carthage/Build/iOS/GraphicsTools.framework",
				"$(SRCROOT)/Carthage/Build/iOS/PathTools.framework",
				"$(SRCROOT)/Carthage/Build/iOS/PeerKit.framework",
				"$(SRCROOT)/Carthage/Build/iOS/Pitch.framework",
				"$(SRCROOT)/Carthage/Build/iOS/PitchSpellingTools.framework",
				"$(SRCROOT)/Carthage/Build/iOS/Staff.framework",
				"$(SRCROOT)/Carthage/Build/iOS/StringTools.framework",
				"$(SRCROOT)/Carthage/Build/iOS/Timeline.framework",
				"$(SRCROOT)/Carthage/Build/iOS/TreeTools.framework",
			);
			outputPaths = (
			);
			runOnlyForDeploymentPostprocessing = 0;
			shellPath = /bin/sh;
			shellScript = "/usr/local/bin/carthage copy-frameworks";
		};
/* End PBXShellScriptBuildPhase section */

/* Begin PBXSourcesBuildPhase section */
		076671671D1C589E002181B1 /* Sources */ = {
			isa = PBXSourcesBuildPhase;
			buildActionMask = 2147483647;
			files = (
				075AFE861D1C66AE00382E4A /* PerformerSelectionViewController.swift in Sources */,
				075AFE841D1C668D00382E4A /* InstructionsViewController.swift in Sources */,
				0766716F1D1C589E002181B1 /* AppDelegate.swift in Sources */,
				07611A741D241B33008C6C4F /* InstrumentKind.swift in Sources */,
				075AFE821D1C666A00382E4A /* ScoreViewController.swift in Sources */,
			);
			runOnlyForDeploymentPostprocessing = 0;
		};
/* End PBXSourcesBuildPhase section */

/* Begin PBXVariantGroup section */
		076671721D1C589E002181B1 /* Main.storyboard */ = {
			isa = PBXVariantGroup;
			children = (
				076671731D1C589E002181B1 /* Base */,
			);
			name = Main.storyboard;
			sourceTree = "<group>";
		};
		076671771D1C589E002181B1 /* LaunchScreen.storyboard */ = {
			isa = PBXVariantGroup;
			children = (
				076671781D1C589E002181B1 /* Base */,
			);
			name = LaunchScreen.storyboard;
			sourceTree = "<group>";
		};
/* End PBXVariantGroup section */

/* Begin XCBuildConfiguration section */
		0766717B1D1C589E002181B1 /* Debug */ = {
			isa = XCBuildConfiguration;
			buildSettings = {
				ALWAYS_SEARCH_USER_PATHS = NO;
				CLANG_ANALYZER_NONNULL = YES;
				CLANG_CXX_LANGUAGE_STANDARD = "gnu++0x";
				CLANG_CXX_LIBRARY = "libc++";
				CLANG_ENABLE_MODULES = YES;
				CLANG_ENABLE_OBJC_ARC = YES;
				CLANG_WARN_BOOL_CONVERSION = YES;
				CLANG_WARN_CONSTANT_CONVERSION = YES;
				CLANG_WARN_DIRECT_OBJC_ISA_USAGE = YES_ERROR;
				CLANG_WARN_EMPTY_BODY = YES;
				CLANG_WARN_ENUM_CONVERSION = YES;
				CLANG_WARN_INT_CONVERSION = YES;
				CLANG_WARN_OBJC_ROOT_CLASS = YES_ERROR;
				CLANG_WARN_UNREACHABLE_CODE = YES;
				CLANG_WARN__DUPLICATE_METHOD_MATCH = YES;
				"CODE_SIGN_IDENTITY[sdk=iphoneos*]" = "iPhone Developer";
				COPY_PHASE_STRIP = NO;
				DEBUG_INFORMATION_FORMAT = dwarf;
				ENABLE_STRICT_OBJC_MSGSEND = YES;
				ENABLE_TESTABILITY = YES;
				GCC_C_LANGUAGE_STANDARD = gnu99;
				GCC_DYNAMIC_NO_PIC = NO;
				GCC_NO_COMMON_BLOCKS = YES;
				GCC_OPTIMIZATION_LEVEL = 0;
				GCC_PREPROCESSOR_DEFINITIONS = (
					"DEBUG=1",
					"$(inherited)",
				);
				GCC_WARN_64_TO_32_BIT_CONVERSION = YES;
				GCC_WARN_ABOUT_RETURN_TYPE = YES_ERROR;
				GCC_WARN_UNDECLARED_SELECTOR = YES;
				GCC_WARN_UNINITIALIZED_AUTOS = YES_AGGRESSIVE;
				GCC_WARN_UNUSED_FUNCTION = YES;
				GCC_WARN_UNUSED_VARIABLE = YES;
				IPHONEOS_DEPLOYMENT_TARGET = 9.3;
				MTL_ENABLE_DEBUG_INFO = YES;
				ONLY_ACTIVE_ARCH = YES;
				SDKROOT = iphoneos;
				SWIFT_OPTIMIZATION_LEVEL = "-Onone";
				TARGETED_DEVICE_FAMILY = "1,2";
			};
			name = Debug;
		};
		0766717C1D1C589E002181B1 /* Release */ = {
			isa = XCBuildConfiguration;
			buildSettings = {
				ALWAYS_SEARCH_USER_PATHS = NO;
				CLANG_ANALYZER_NONNULL = YES;
				CLANG_CXX_LANGUAGE_STANDARD = "gnu++0x";
				CLANG_CXX_LIBRARY = "libc++";
				CLANG_ENABLE_MODULES = YES;
				CLANG_ENABLE_OBJC_ARC = YES;
				CLANG_WARN_BOOL_CONVERSION = YES;
				CLANG_WARN_CONSTANT_CONVERSION = YES;
				CLANG_WARN_DIRECT_OBJC_ISA_USAGE = YES_ERROR;
				CLANG_WARN_EMPTY_BODY = YES;
				CLANG_WARN_ENUM_CONVERSION = YES;
				CLANG_WARN_INT_CONVERSION = YES;
				CLANG_WARN_OBJC_ROOT_CLASS = YES_ERROR;
				CLANG_WARN_UNREACHABLE_CODE = YES;
				CLANG_WARN__DUPLICATE_METHOD_MATCH = YES;
				"CODE_SIGN_IDENTITY[sdk=iphoneos*]" = "iPhone Developer";
				COPY_PHASE_STRIP = NO;
				DEBUG_INFORMATION_FORMAT = "dwarf-with-dsym";
				ENABLE_NS_ASSERTIONS = NO;
				ENABLE_STRICT_OBJC_MSGSEND = YES;
				GCC_C_LANGUAGE_STANDARD = gnu99;
				GCC_NO_COMMON_BLOCKS = YES;
				GCC_WARN_64_TO_32_BIT_CONVERSION = YES;
				GCC_WARN_ABOUT_RETURN_TYPE = YES_ERROR;
				GCC_WARN_UNDECLARED_SELECTOR = YES;
				GCC_WARN_UNINITIALIZED_AUTOS = YES_AGGRESSIVE;
				GCC_WARN_UNUSED_FUNCTION = YES;
				GCC_WARN_UNUSED_VARIABLE = YES;
				IPHONEOS_DEPLOYMENT_TARGET = 9.3;
				MTL_ENABLE_DEBUG_INFO = NO;
				SDKROOT = iphoneos;
				TARGETED_DEVICE_FAMILY = "1,2";
				VALIDATE_PRODUCT = YES;
			};
			name = Release;
		};
		0766717E1D1C589E002181B1 /* Debug */ = {
			isa = XCBuildConfiguration;
			buildSettings = {
				ASSETCATALOG_COMPILER_APPICON_NAME = AppIcon;
				FRAMEWORK_SEARCH_PATHS = (
					"$(inherited)",
					"$(PROJECT_DIR)/Carthage/Build/iOS",
				);
				INFOPLIST_FILE = "givenName-iOS/Info.plist";
				IPHONEOS_DEPLOYMENT_TARGET = 9.2;
				LD_RUNPATH_SEARCH_PATHS = "$(inherited) @executable_path/Frameworks";
				PRODUCT_BUNDLE_IDENTIFIER = "com.bean.givenName-iOS";
				PRODUCT_NAME = "$(TARGET_NAME)";
			};
			name = Debug;
		};
		0766717F1D1C589E002181B1 /* Release */ = {
			isa = XCBuildConfiguration;
			buildSettings = {
				ASSETCATALOG_COMPILER_APPICON_NAME = AppIcon;
				FRAMEWORK_SEARCH_PATHS = (
					"$(inherited)",
					"$(PROJECT_DIR)/Carthage/Build/iOS",
				);
				INFOPLIST_FILE = "givenName-iOS/Info.plist";
				IPHONEOS_DEPLOYMENT_TARGET = 9.2;
				LD_RUNPATH_SEARCH_PATHS = "$(inherited) @executable_path/Frameworks";
				PRODUCT_BUNDLE_IDENTIFIER = "com.bean.givenName-iOS";
				PRODUCT_NAME = "$(TARGET_NAME)";
			};
			name = Release;
		};
/* End XCBuildConfiguration section */

/* Begin XCConfigurationList section */
		076671661D1C589E002181B1 /* Build configuration list for PBXProject "givenName-iOS" */ = {
			isa = XCConfigurationList;
			buildConfigurations = (
				0766717B1D1C589E002181B1 /* Debug */,
				0766717C1D1C589E002181B1 /* Release */,
			);
			defaultConfigurationIsVisible = 0;
			defaultConfigurationName = Release;
		};
		0766717D1D1C589E002181B1 /* Build configuration list for PBXNativeTarget "givenName-iOS" */ = {
			isa = XCConfigurationList;
			buildConfigurations = (
				0766717E1D1C589E002181B1 /* Debug */,
				0766717F1D1C589E002181B1 /* Release */,
			);
			defaultConfigurationIsVisible = 0;
			defaultConfigurationName = Release;
		};
/* End XCConfigurationList section */
	};
	rootObject = 076671631D1C589E002181B1 /* Project object */;
}
