// !$*UTF8*$!
{
	archiveVersion = 1;
	classes = {
	};
	objectVersion = 46;
	objects = {

/* Begin PBXBuildFile section */
		051E1D907C902CB7A268CCB9 /* Cocoa.framework in Frameworks */ = {isa = PBXBuildFile; fileRef = 6FDA2066EFEE9F635462FEFC /* Cocoa.framework */; };
		0737EC7D1D107C3800BFCB3E /* ClefType.swift in Sources */ = {isa = PBXBuildFile; fileRef = 0737EC7C1D107C3800BFCB3E /* ClefType.swift */; };
		0737EC7E1D107C3800BFCB3E /* ClefType.swift in Sources */ = {isa = PBXBuildFile; fileRef = 0737EC7C1D107C3800BFCB3E /* ClefType.swift */; };
		07A974B31D102B5400EC474B /* GraphType.swift in Sources */ = {isa = PBXBuildFile; fileRef = 07A974B21D102B5400EC474B /* GraphType.swift */; };
		07A974B41D102B5400EC474B /* GraphType.swift in Sources */ = {isa = PBXBuildFile; fileRef = 07A974B21D102B5400EC474B /* GraphType.swift */; };
		07D84D2C1D1065E50068BDF9 /* LinesCoordinator.swift in Sources */ = {isa = PBXBuildFile; fileRef = 07D84D291D1065E50068BDF9 /* LinesCoordinator.swift */; };
		07D84D2D1D1065E50068BDF9 /* LinesCoordinator.swift in Sources */ = {isa = PBXBuildFile; fileRef = 07D84D291D1065E50068BDF9 /* LinesCoordinator.swift */; };
		07D84D2E1D1065E50068BDF9 /* LinesPoint.swift in Sources */ = {isa = PBXBuildFile; fileRef = 07D84D2A1D1065E50068BDF9 /* LinesPoint.swift */; };
		07D84D2F1D1065E50068BDF9 /* LinesPoint.swift in Sources */ = {isa = PBXBuildFile; fileRef = 07D84D2A1D1065E50068BDF9 /* LinesPoint.swift */; };
		07D84D301D1065E50068BDF9 /* LinesSegment.swift in Sources */ = {isa = PBXBuildFile; fileRef = 07D84D2B1D1065E50068BDF9 /* LinesSegment.swift */; };
		07D84D311D1065E50068BDF9 /* LinesSegment.swift in Sources */ = {isa = PBXBuildFile; fileRef = 07D84D2B1D1065E50068BDF9 /* LinesSegment.swift */; };
		07D84D331D1068730068BDF9 /* LinesCoordinatorTests.swift in Sources */ = {isa = PBXBuildFile; fileRef = 07D84D321D1068730068BDF9 /* LinesCoordinatorTests.swift */; };
		07D84D341D1068730068BDF9 /* LinesCoordinatorTests.swift in Sources */ = {isa = PBXBuildFile; fileRef = 07D84D321D1068730068BDF9 /* LinesCoordinatorTests.swift */; };
		14832CE5D39FED33697783F1 /* Graph.framework in CopyFiles */ = {isa = PBXBuildFile; fileRef = 3A28E6CB58FEB01F0CDBAEEE /* Graph.framework */; settings = {ATTRIBUTES = (CodeSignOnCopy, ); }; };
		1978215D67C37766C8B869A2 /* Graph.h in Headers */ = {isa = PBXBuildFile; fileRef = C9D2661D92DF71EED3025EFE /* Graph.h */; settings = {ATTRIBUTES = (Public, ); }; };
		3C98B03632FF0496FEC3561A /* GraphicsTools.framework in Frameworks */ = {isa = PBXBuildFile; fileRef = 1D08F3D8398603886EE844A8 /* GraphicsTools.framework */; };
		7374EF1A8381C49247DB777F /* Foundation.framework in Frameworks */ = {isa = PBXBuildFile; fileRef = A18A00E9F00623F388EDD373 /* Foundation.framework */; };
		73FF116B99BBD641678EA130 /* Cocoa.framework in Frameworks */ = {isa = PBXBuildFile; fileRef = 6FDA2066EFEE9F635462FEFC /* Cocoa.framework */; };
		7DCC63D0B1BF22EAA4F8383A /* Foundation.framework in Frameworks */ = {isa = PBXBuildFile; fileRef = A18A00E9F00623F388EDD373 /* Foundation.framework */; };
		8992C2D53332C780E6D51B89 /* Graph.h in Headers */ = {isa = PBXBuildFile; fileRef = C9D2661D92DF71EED3025EFE /* Graph.h */; settings = {ATTRIBUTES = (Public, ); }; };
		99C4CF489CDACBC49F92B05B /* GraphicsTools.framework in Frameworks */ = {isa = PBXBuildFile; fileRef = D1001D8EFAAE656C5FEF4DCC /* GraphicsTools.framework */; };
		B3B7035D98C98F95E5EC6660 /* Graph.framework in CopyFiles */ = {isa = PBXBuildFile; fileRef = 78EADDF89BF7CE278F68061B /* Graph.framework */; settings = {ATTRIBUTES = (CodeSignOnCopy, ); }; };
/* End PBXBuildFile section */

/* Begin PBXContainerItemProxy section */
		21D56A0CAB1AAE7E26717ABD /* PBXContainerItemProxy */ = {
			isa = PBXContainerItemProxy;
			containerPortal = D54DC9D5965961C14B95B029 /* Project object */;
			proxyType = 1;
			remoteGlobalIDString = 6AAA7C64BD9A9007EEE06079;
			remoteInfo = Graph;
		};
		5B937A7986463FFBF4024989 /* PBXContainerItemProxy */ = {
			isa = PBXContainerItemProxy;
			containerPortal = D54DC9D5965961C14B95B029 /* Project object */;
			proxyType = 1;
			remoteGlobalIDString = 144A9D612FFEC35CF16945A1;
			remoteInfo = GraphMac;
		};
/* End PBXContainerItemProxy section */

/* Begin PBXCopyFilesBuildPhase section */
		89F97D7BEBAC7A027707F159 /* CopyFiles */ = {
			isa = PBXCopyFilesBuildPhase;
			buildActionMask = 2147483647;
			dstPath = "";
			dstSubfolderSpec = 7;
			files = (
				14832CE5D39FED33697783F1 /* Graph.framework in CopyFiles */,
			);
			runOnlyForDeploymentPostprocessing = 0;
		};
		EC91065AD88C83FE1AC51FD4 /* CopyFiles */ = {
			isa = PBXCopyFilesBuildPhase;
			buildActionMask = 2147483647;
			dstPath = "";
			dstSubfolderSpec = 7;
			files = (
				B3B7035D98C98F95E5EC6660 /* Graph.framework in CopyFiles */,
			);
			runOnlyForDeploymentPostprocessing = 0;
		};
/* End PBXCopyFilesBuildPhase section */

/* Begin PBXFileReference section */
		0737EC7C1D107C3800BFCB3E /* ClefType.swift */ = {isa = PBXFileReference; fileEncoding = 4; lastKnownFileType = sourcecode.swift; path = ClefType.swift; sourceTree = "<group>"; };
		07A974B21D102B5400EC474B /* GraphType.swift */ = {isa = PBXFileReference; fileEncoding = 4; lastKnownFileType = sourcecode.swift; name = GraphType.swift; path = Graph/GraphType.swift; sourceTree = "<group>"; };
		07D84D291D1065E50068BDF9 /* LinesCoordinator.swift */ = {isa = PBXFileReference; fileEncoding = 4; lastKnownFileType = sourcecode.swift; name = LinesCoordinator.swift; path = Graph/LinesCoordinator.swift; sourceTree = "<group>"; };
		07D84D2A1D1065E50068BDF9 /* LinesPoint.swift */ = {isa = PBXFileReference; fileEncoding = 4; lastKnownFileType = sourcecode.swift; name = LinesPoint.swift; path = Graph/LinesPoint.swift; sourceTree = "<group>"; };
		07D84D2B1D1065E50068BDF9 /* LinesSegment.swift */ = {isa = PBXFileReference; fileEncoding = 4; lastKnownFileType = sourcecode.swift; name = LinesSegment.swift; path = Graph/LinesSegment.swift; sourceTree = "<group>"; };
		07D84D321D1068730068BDF9 /* LinesCoordinatorTests.swift */ = {isa = PBXFileReference; fileEncoding = 4; lastKnownFileType = sourcecode.swift; name = LinesCoordinatorTests.swift; path = GraphTests/LinesCoordinatorTests.swift; sourceTree = "<group>"; };
		0C735868D1AE8BEC5498FFC9 /* Info.plist */ = {isa = PBXFileReference; includeInIndex = 1; lastKnownFileType = text.plist.xml; name = Info.plist; path = GraphTests/Info.plist; sourceTree = "<group>"; };
		1D08F3D8398603886EE844A8 /* GraphicsTools.framework */ = {isa = PBXFileReference; lastKnownFileType = wrapper.framework; name = GraphicsTools.framework; path = Carthage/Build/iOS/GraphicsTools.framework; sourceTree = "<group>"; };
		2E9482D8C831AFE9D14D212E /* Info.plist */ = {isa = PBXFileReference; includeInIndex = 1; lastKnownFileType = text.plist.xml; name = Info.plist; path = Graph/Info.plist; sourceTree = "<group>"; };
		3A28E6CB58FEB01F0CDBAEEE /* Graph.framework */ = {isa = PBXFileReference; includeInIndex = 1; lastKnownFileType = wrapper.framework; path = Graph.framework; sourceTree = BUILT_PRODUCTS_DIR; };
		6FDA2066EFEE9F635462FEFC /* Cocoa.framework */ = {isa = PBXFileReference; lastKnownFileType = wrapper.framework; name = Cocoa.framework; path = Platforms/MacOSX.platform/Developer/SDKs/MacOSX10.11.sdk/System/Library/Frameworks/Cocoa.framework; sourceTree = DEVELOPER_DIR; };
		78EADDF89BF7CE278F68061B /* Graph.framework */ = {isa = PBXFileReference; includeInIndex = 1; lastKnownFileType = wrapper.framework; path = Graph.framework; sourceTree = BUILT_PRODUCTS_DIR; };
		7AE4710E84796B02D443035C /* Graph.framework */ = {isa = PBXFileReference; explicitFileType = wrapper.framework; includeInIndex = 0; path = Graph.framework; sourceTree = BUILT_PRODUCTS_DIR; };
		96A594E0CA7537F2C51EF7EB /* GraphMacTests.xctest */ = {isa = PBXFileReference; explicitFileType = wrapper.cfbundle; includeInIndex = 0; path = GraphMacTests.xctest; sourceTree = BUILT_PRODUCTS_DIR; };
		A18A00E9F00623F388EDD373 /* Foundation.framework */ = {isa = PBXFileReference; lastKnownFileType = wrapper.framework; name = Foundation.framework; path = Platforms/iPhoneOS.platform/Developer/SDKs/iPhoneOS9.0.sdk/System/Library/Frameworks/Foundation.framework; sourceTree = DEVELOPER_DIR; };
		C9D2661D92DF71EED3025EFE /* Graph.h */ = {isa = PBXFileReference; includeInIndex = 1; lastKnownFileType = sourcecode.c.h; name = Graph.h; path = Graph/Graph.h; sourceTree = "<group>"; };
		D1001D8EFAAE656C5FEF4DCC /* GraphicsTools.framework */ = {isa = PBXFileReference; lastKnownFileType = wrapper.framework; name = GraphicsTools.framework; path = Carthage/Build/Mac/GraphicsTools.framework; sourceTree = "<group>"; };
		D30719DE2EF24935A3FDD4C2 /* Graph.framework */ = {isa = PBXFileReference; explicitFileType = wrapper.framework; includeInIndex = 0; path = Graph.framework; sourceTree = BUILT_PRODUCTS_DIR; };
		DBC200729FD99295849D0E57 /* GraphTests.xctest */ = {isa = PBXFileReference; explicitFileType = wrapper.cfbundle; includeInIndex = 0; path = GraphTests.xctest; sourceTree = BUILT_PRODUCTS_DIR; };
/* End PBXFileReference section */

/* Begin PBXFrameworksBuildPhase section */
		061847411A9D5502B2AFC720 /* Frameworks */ = {
			isa = PBXFrameworksBuildPhase;
			buildActionMask = 2147483647;
			files = (
				7374EF1A8381C49247DB777F /* Foundation.framework in Frameworks */,
				3C98B03632FF0496FEC3561A /* GraphicsTools.framework in Frameworks */,
			);
			runOnlyForDeploymentPostprocessing = 0;
		};
		4849F975F9869E2B392EC2B4 /* Frameworks */ = {
			isa = PBXFrameworksBuildPhase;
			buildActionMask = 2147483647;
			files = (
				73FF116B99BBD641678EA130 /* Cocoa.framework in Frameworks */,
			);
			runOnlyForDeploymentPostprocessing = 0;
		};
		B7BAA5537ECADD6177DBE210 /* Frameworks */ = {
			isa = PBXFrameworksBuildPhase;
			buildActionMask = 2147483647;
			files = (
				051E1D907C902CB7A268CCB9 /* Cocoa.framework in Frameworks */,
				99C4CF489CDACBC49F92B05B /* GraphicsTools.framework in Frameworks */,
			);
			runOnlyForDeploymentPostprocessing = 0;
		};
		C4D0C4B5EB4ED97BFD8F3E66 /* Frameworks */ = {
			isa = PBXFrameworksBuildPhase;
			buildActionMask = 2147483647;
			files = (
				7DCC63D0B1BF22EAA4F8383A /* Foundation.framework in Frameworks */,
			);
			runOnlyForDeploymentPostprocessing = 0;
		};
/* End PBXFrameworksBuildPhase section */

/* Begin PBXGroup section */
		1520F45C6906BBEE9CF7C9AB /* Supporting Files */ = {
			isa = PBXGroup;
			children = (
				0C735868D1AE8BEC5498FFC9 /* Info.plist */,
			);
			name = "Supporting Files";
			sourceTree = "<group>";
		};
		19359CCDFE12897DFEC3BAE2 = {
			isa = PBXGroup;
			children = (
				B2EBD1EE5681F3CA04D5A9AD /* Products */,
				838CE596E733AC2C0023BB61 /* Frameworks */,
				896A0EF14547489A1C6B29A8 /* Graph */,
				CD10C726D5BE4E4C4296FAD4 /* GraphTests */,
				C9D2661D92DF71EED3025EFE /* Graph.h */,
			);
			sourceTree = "<group>";
		};
		60F6B6F8C4BFA8FACDEEF547 /* iOS */ = {
			isa = PBXGroup;
			children = (
				A18A00E9F00623F388EDD373 /* Foundation.framework */,
				1D08F3D8398603886EE844A8 /* GraphicsTools.framework */,
			);
			name = iOS;
			sourceTree = "<group>";
		};
		838CE596E733AC2C0023BB61 /* Frameworks */ = {
			isa = PBXGroup;
			children = (
				60F6B6F8C4BFA8FACDEEF547 /* iOS */,
				ABC171FEAAD87B0E9959B7BF /* OS X */,
			);
			name = Frameworks;
			sourceTree = "<group>";
		};
		896A0EF14547489A1C6B29A8 /* Graph */ = {
			isa = PBXGroup;
			children = (
				C591E8F72FB7F66939C8F212 /* Supporting Files */,
				07A974B21D102B5400EC474B /* GraphType.swift */,
				0737EC7C1D107C3800BFCB3E /* ClefType.swift */,
				07D84D291D1065E50068BDF9 /* LinesCoordinator.swift */,
				07D84D2A1D1065E50068BDF9 /* LinesPoint.swift */,
				07D84D2B1D1065E50068BDF9 /* LinesSegment.swift */,
			);
			name = Graph;
			sourceTree = "<group>";
		};
		ABC171FEAAD87B0E9959B7BF /* OS X */ = {
			isa = PBXGroup;
			children = (
				6FDA2066EFEE9F635462FEFC /* Cocoa.framework */,
				D1001D8EFAAE656C5FEF4DCC /* GraphicsTools.framework */,
			);
			name = "OS X";
			sourceTree = "<group>";
		};
		B2EBD1EE5681F3CA04D5A9AD /* Products */ = {
			isa = PBXGroup;
			children = (
				D30719DE2EF24935A3FDD4C2 /* Graph.framework */,
				DBC200729FD99295849D0E57 /* GraphTests.xctest */,
				7AE4710E84796B02D443035C /* Graph.framework */,
				96A594E0CA7537F2C51EF7EB /* GraphMacTests.xctest */,
			);
			name = Products;
			sourceTree = "<group>";
		};
		C591E8F72FB7F66939C8F212 /* Supporting Files */ = {
			isa = PBXGroup;
			children = (
				2E9482D8C831AFE9D14D212E /* Info.plist */,
			);
			name = "Supporting Files";
			sourceTree = "<group>";
		};
		CD10C726D5BE4E4C4296FAD4 /* GraphTests */ = {
			isa = PBXGroup;
			children = (
				1520F45C6906BBEE9CF7C9AB /* Supporting Files */,
				07D84D321D1068730068BDF9 /* LinesCoordinatorTests.swift */,
			);
			name = GraphTests;
			sourceTree = "<group>";
		};
/* End PBXGroup section */

/* Begin PBXHeadersBuildPhase section */
		5F1E24C085732AD2469F6332 /* Headers */ = {
			isa = PBXHeadersBuildPhase;
			buildActionMask = 2147483647;
			files = (
				8992C2D53332C780E6D51B89 /* Graph.h in Headers */,
			);
			runOnlyForDeploymentPostprocessing = 0;
		};
		D8CFC1C80B896CC94FD914E0 /* Headers */ = {
			isa = PBXHeadersBuildPhase;
			buildActionMask = 2147483647;
			files = (
				1978215D67C37766C8B869A2 /* Graph.h in Headers */,
			);
			runOnlyForDeploymentPostprocessing = 0;
		};
/* End PBXHeadersBuildPhase section */

/* Begin PBXNativeTarget section */
		144A9D612FFEC35CF16945A1 /* GraphMac */ = {
			isa = PBXNativeTarget;
			buildConfigurationList = 5E09CC16D236689F0AF00DC5 /* Build configuration list for PBXNativeTarget "GraphMac" */;
			buildPhases = (
				189A0632EEB27214F6D4544A /* Sources */,
				B7BAA5537ECADD6177DBE210 /* Frameworks */,
				D8CFC1C80B896CC94FD914E0 /* Headers */,
				3A93D74213183214AE6F387F /* ShellScript */,
			);
			buildRules = (
			);
			dependencies = (
			);
			name = GraphMac;
			productName = GraphMac;
			productReference = 7AE4710E84796B02D443035C /* Graph.framework */;
			productType = "com.apple.product-type.framework";
		};
		32FA82223E9FA5B70C7810CB /* GraphTests */ = {
			isa = PBXNativeTarget;
			buildConfigurationList = 777A408EB7C31AA3F70760A0 /* Build configuration list for PBXNativeTarget "GraphTests" */;
			buildPhases = (
				F08E966B5503791BDA94EA8E /* Sources */,
				C4D0C4B5EB4ED97BFD8F3E66 /* Frameworks */,
				89F97D7BEBAC7A027707F159 /* CopyFiles */,
			);
			buildRules = (
			);
			dependencies = (
				DDF3B955EF62566D6F41C16F /* PBXTargetDependency */,
			);
			name = GraphTests;
			productName = GraphTests;
			productReference = DBC200729FD99295849D0E57 /* GraphTests.xctest */;
			productType = "com.apple.product-type.bundle.unit-test";
		};
		6AAA7C64BD9A9007EEE06079 /* Graph */ = {
			isa = PBXNativeTarget;
			buildConfigurationList = 1E3853A6E8930B2CAE20C843 /* Build configuration list for PBXNativeTarget "Graph" */;
			buildPhases = (
				9A47EFAE0B8CB3BE5DCA94E8 /* Sources */,
				061847411A9D5502B2AFC720 /* Frameworks */,
				5F1E24C085732AD2469F6332 /* Headers */,
				3DB6F28E50EA25D482680FDB /* ShellScript */,
			);
			buildRules = (
			);
			dependencies = (
			);
			name = Graph;
			productName = Graph;
			productReference = D30719DE2EF24935A3FDD4C2 /* Graph.framework */;
			productType = "com.apple.product-type.framework";
		};
		8ABEF5957AAE12024053B7F3 /* GraphMacTests */ = {
			isa = PBXNativeTarget;
			buildConfigurationList = 580B4D743523A01BF763512A /* Build configuration list for PBXNativeTarget "GraphMacTests" */;
			buildPhases = (
				3C6BB7DDB19E706E269318D4 /* Sources */,
				4849F975F9869E2B392EC2B4 /* Frameworks */,
				EC91065AD88C83FE1AC51FD4 /* CopyFiles */,
			);
			buildRules = (
			);
			dependencies = (
				693BE34990FE6D9C6D1A57E0 /* PBXTargetDependency */,
			);
			name = GraphMacTests;
			productName = GraphMacTests;
			productReference = 96A594E0CA7537F2C51EF7EB /* GraphMacTests.xctest */;
			productType = "com.apple.product-type.bundle.unit-test";
		};
/* End PBXNativeTarget section */

/* Begin PBXProject section */
		D54DC9D5965961C14B95B029 /* Project object */ = {
			isa = PBXProject;
			attributes = {
				LastSwiftUpdateCheck = 0730;
				LastUpgradeCheck = 0730;
			};
			buildConfigurationList = D5732865F6FB1720C33F347A /* Build configuration list for PBXProject "Graph" */;
			compatibilityVersion = "Xcode 3.2";
			developmentRegion = English;
			hasScannedForEncodings = 0;
			knownRegions = (
				en,
			);
			mainGroup = 19359CCDFE12897DFEC3BAE2;
			productRefGroup = B2EBD1EE5681F3CA04D5A9AD /* Products */;
			projectDirPath = "";
			projectRoot = "";
			targets = (
				6AAA7C64BD9A9007EEE06079 /* Graph */,
				32FA82223E9FA5B70C7810CB /* GraphTests */,
				144A9D612FFEC35CF16945A1 /* GraphMac */,
				8ABEF5957AAE12024053B7F3 /* GraphMacTests */,
			);
		};
/* End PBXProject section */

/* Begin PBXShellScriptBuildPhase section */
		3A93D74213183214AE6F387F /* ShellScript */ = {
			isa = PBXShellScriptBuildPhase;
			buildActionMask = 2147483647;
			files = (
			);
			inputPaths = (
				"$(SRCROOT)/Carthage/Build/Mac/GraphicsTools.framework",
			);
			outputPaths = (
			);
			runOnlyForDeploymentPostprocessing = 0;
			shellPath = /bin/sh;
			shellScript = "/usr/local/bin/carthage copy-frameworks";
		};
		3DB6F28E50EA25D482680FDB /* ShellScript */ = {
			isa = PBXShellScriptBuildPhase;
			buildActionMask = 2147483647;
			files = (
			);
			inputPaths = (
				"$(SRCROOT)/Carthage/Build/iOS/GraphicsTools.framework",
			);
			outputPaths = (
			);
			runOnlyForDeploymentPostprocessing = 0;
			shellPath = /bin/sh;
			shellScript = "/usr/local/bin/carthage copy-frameworks";
		};
/* End PBXShellScriptBuildPhase section */

/* Begin PBXSourcesBuildPhase section */
		189A0632EEB27214F6D4544A /* Sources */ = {
			isa = PBXSourcesBuildPhase;
			buildActionMask = 2147483647;
			files = (
				07D84D2D1D1065E50068BDF9 /* LinesCoordinator.swift in Sources */,
				0737EC7E1D107C3800BFCB3E /* ClefType.swift in Sources */,
				07A974B41D102B5400EC474B /* GraphType.swift in Sources */,
				07D84D2F1D1065E50068BDF9 /* LinesPoint.swift in Sources */,
				07D84D311D1065E50068BDF9 /* LinesSegment.swift in Sources */,
			);
			runOnlyForDeploymentPostprocessing = 0;
		};
		3C6BB7DDB19E706E269318D4 /* Sources */ = {
			isa = PBXSourcesBuildPhase;
			buildActionMask = 2147483647;
			files = (
				07D84D341D1068730068BDF9 /* LinesCoordinatorTests.swift in Sources */,
			);
			runOnlyForDeploymentPostprocessing = 0;
		};
		9A47EFAE0B8CB3BE5DCA94E8 /* Sources */ = {
			isa = PBXSourcesBuildPhase;
			buildActionMask = 2147483647;
			files = (
				07D84D2C1D1065E50068BDF9 /* LinesCoordinator.swift in Sources */,
				0737EC7D1D107C3800BFCB3E /* ClefType.swift in Sources */,
				07A974B31D102B5400EC474B /* GraphType.swift in Sources */,
				07D84D2E1D1065E50068BDF9 /* LinesPoint.swift in Sources */,
				07D84D301D1065E50068BDF9 /* LinesSegment.swift in Sources */,
			);
			runOnlyForDeploymentPostprocessing = 0;
		};
		F08E966B5503791BDA94EA8E /* Sources */ = {
			isa = PBXSourcesBuildPhase;
			buildActionMask = 2147483647;
			files = (
				07D84D331D1068730068BDF9 /* LinesCoordinatorTests.swift in Sources */,
			);
			runOnlyForDeploymentPostprocessing = 0;
		};
/* End PBXSourcesBuildPhase section */

/* Begin PBXTargetDependency section */
		693BE34990FE6D9C6D1A57E0 /* PBXTargetDependency */ = {
			isa = PBXTargetDependency;
			name = GraphMac;
			target = 144A9D612FFEC35CF16945A1 /* GraphMac */;
			targetProxy = 5B937A7986463FFBF4024989 /* PBXContainerItemProxy */;
		};
		DDF3B955EF62566D6F41C16F /* PBXTargetDependency */ = {
			isa = PBXTargetDependency;
			name = Graph;
			target = 6AAA7C64BD9A9007EEE06079 /* Graph */;
			targetProxy = 21D56A0CAB1AAE7E26717ABD /* PBXContainerItemProxy */;
		};
/* End PBXTargetDependency section */

/* Begin XCBuildConfiguration section */
		276E0620CFC8FE127D3F4E1E /* Release */ = {
			isa = XCBuildConfiguration;
			buildSettings = {
				CLANG_ENABLE_MODULES = YES;
				"CODE_SIGN_IDENTITY[sdk=iphoneos*]" = "iPhone Developer";
				CURRENT_PROJECT_VERSION = 1;
				DEFINES_MODULE = YES;
				DYLIB_COMPATIBILITY_VERSION = 1;
				DYLIB_CURRENT_VERSION = 1;
				DYLIB_INSTALL_NAME_BASE = "@rpath";
				EMBEDDED_CONTENT_CONTAINS_SWIFT = YES;
				ENABLE_STRICT_OBJC_MSGSEND = YES;
				FRAMEWORK_SEARCH_PATHS = "$(SRCROOT)/Carthage/Build/iOS";
				INFOPLIST_FILE = Graph/Info.plist;
				INSTALL_PATH = "$(LOCAL_LIBRARY_DIR)/Frameworks";
				IPHONEOS_DEPLOYMENT_TARGET = 8.0;
				LD_RUNPATH_SEARCH_PATHS = "$(inherited) @executable_path/Frameworks @loader_path/Frameworks";
				MTL_ENABLE_DEBUG_INFO = NO;
				PRODUCT_BUNDLE_IDENTIFIER = com.bean.Graph;
				PRODUCT_NAME = Graph;
				SDKROOT = iphoneos;
				SKIP_INSTALL = YES;
				TARGETED_DEVICE_FAMILY = "1,2";
				VERSIONING_SYSTEM = "apple-generic";
				VERSION_INFO_PREFIX = "";
			};
			name = Release;
		};
		2D923E509DB90A88371AA7BE /* Debug */ = {
			isa = XCBuildConfiguration;
			buildSettings = {
				CLANG_ENABLE_MODULES = YES;
				COMBINE_HIDPI_IMAGES = YES;
				ENABLE_STRICT_OBJC_MSGSEND = YES;
				INFOPLIST_FILE = GraphTests/Info.plist;
				LD_RUNPATH_SEARCH_PATHS = "$(inherited) @executable_path/../Frameworks @loader_path/../Frameworks";
				MACOSX_DEPLOYMENT_TARGET = 10.9;
				MTL_ENABLE_DEBUG_INFO = YES;
				PRODUCT_NAME = "$(TARGET_NAME)";
				SDKROOT = macosx;
				SWIFT_OPTIMIZATION_LEVEL = "-Onone";
			};
			name = Debug;
		};
		947F238B8503E5720DA99F07 /* Release */ = {
			isa = XCBuildConfiguration;
			buildSettings = {
				CLANG_ENABLE_MODULES = YES;
				COMBINE_HIDPI_IMAGES = YES;
				DEBUG_INFORMATION_FORMAT = "dwarf-with-dsym";
				ENABLE_STRICT_OBJC_MSGSEND = YES;
				INFOPLIST_FILE = GraphTests/Info.plist;
				LD_RUNPATH_SEARCH_PATHS = "$(inherited) @executable_path/../Frameworks @loader_path/../Frameworks";
				MACOSX_DEPLOYMENT_TARGET = 10.9;
				MTL_ENABLE_DEBUG_INFO = NO;
				PRODUCT_NAME = "$(TARGET_NAME)";
				SDKROOT = macosx;
			};
			name = Release;
		};
		A41EDD2D1A0A2C1616C7BFDF /* Release */ = {
			isa = XCBuildConfiguration;
			buildSettings = {
				CLANG_ENABLE_MODULES = YES;
				ENABLE_STRICT_OBJC_MSGSEND = YES;
				INFOPLIST_FILE = GraphTests/Info.plist;
				IPHONEOS_DEPLOYMENT_TARGET = 9.3;
				LD_RUNPATH_SEARCH_PATHS = "$(inherited) @executable_path/Frameworks @loader_path/Frameworks";
				MTL_ENABLE_DEBUG_INFO = NO;
				PRODUCT_NAME = "$(TARGET_NAME)";
				SDKROOT = iphoneos;
			};
			name = Release;
		};
		B74AFE8D7D9297AEBE71C430 /* Debug */ = {
			isa = XCBuildConfiguration;
			buildSettings = {
				CLANG_ENABLE_MODULES = YES;
				CODE_SIGN_IDENTITY = "-";
				COMBINE_HIDPI_IMAGES = YES;
				CURRENT_PROJECT_VERSION = 1;
				DEFINES_MODULE = YES;
				DYLIB_COMPATIBILITY_VERSION = 1;
				DYLIB_CURRENT_VERSION = 1;
				DYLIB_INSTALL_NAME_BASE = "@rpath";
				EMBEDDED_CONTENT_CONTAINS_SWIFT = YES;
				ENABLE_STRICT_OBJC_MSGSEND = YES;
				FRAMEWORK_SEARCH_PATHS = "$(SRCROOT)/Carthage/Build/Mac";
				FRAMEWORK_VERSION = A;
				INFOPLIST_FILE = Graph/Info.plist;
				INSTALL_PATH = "$(LOCAL_LIBRARY_DIR)/Frameworks";
				LD_RUNPATH_SEARCH_PATHS = "$(inherited) @executable_path/../Frameworks @loader_path/Frameworks";
				MACOSX_DEPLOYMENT_TARGET = 10.9;
				MTL_ENABLE_DEBUG_INFO = YES;
				PRODUCT_BUNDLE_IDENTIFIER = com.bean.Graph;
				PRODUCT_NAME = Graph;
				SDKROOT = macosx;
				SKIP_INSTALL = YES;
				SWIFT_OPTIMIZATION_LEVEL = "-Onone";
				VERSIONING_SYSTEM = "apple-generic";
				VERSION_INFO_PREFIX = "";
			};
			name = Debug;
		};
		C129E3CD64ACDE2FC525B754 /* Release */ = {
			isa = XCBuildConfiguration;
			buildSettings = {
				CLANG_ENABLE_MODULES = YES;
				CODE_SIGN_IDENTITY = "-";
				COMBINE_HIDPI_IMAGES = YES;
				CURRENT_PROJECT_VERSION = 1;
				DEBUG_INFORMATION_FORMAT = "dwarf-with-dsym";
				DEFINES_MODULE = YES;
				DYLIB_COMPATIBILITY_VERSION = 1;
				DYLIB_CURRENT_VERSION = 1;
				DYLIB_INSTALL_NAME_BASE = "@rpath";
				EMBEDDED_CONTENT_CONTAINS_SWIFT = YES;
				ENABLE_STRICT_OBJC_MSGSEND = YES;
				FRAMEWORK_SEARCH_PATHS = "$(SRCROOT)/Carthage/Build/Mac";
				FRAMEWORK_VERSION = A;
				INFOPLIST_FILE = Graph/Info.plist;
				INSTALL_PATH = "$(LOCAL_LIBRARY_DIR)/Frameworks";
				LD_RUNPATH_SEARCH_PATHS = "$(inherited) @executable_path/../Frameworks @loader_path/Frameworks";
				MACOSX_DEPLOYMENT_TARGET = 10.9;
				MTL_ENABLE_DEBUG_INFO = NO;
				PRODUCT_BUNDLE_IDENTIFIER = com.bean.Graph;
				PRODUCT_NAME = Graph;
				SDKROOT = macosx;
				SKIP_INSTALL = YES;
				VERSIONING_SYSTEM = "apple-generic";
				VERSION_INFO_PREFIX = "";
			};
			name = Release;
		};
		DCF4A0D7EC78B88D1A41455B /* Release */ = {
			isa = XCBuildConfiguration;
			buildSettings = {
				ALWAYS_SEARCH_USER_PATHS = NO;
				CLANG_CXX_LANGUAGE_STANDARD = "gnu++0x";
				CLANG_CXX_LIBRARY = "libc++";
				CLANG_ENABLE_MODULES = YES;
				CLANG_ENABLE_OBJC_ARC = YES;
				CLANG_WARN_BOOL_CONVERSION = YES;
				CLANG_WARN_CONSTANT_CONVERSION = YES;
				CLANG_WARN_DIRECT_OBJC_ISA_USAGE = YES;
				CLANG_WARN_EMPTY_BODY = YES;
				CLANG_WARN_ENUM_CONVERSION = YES;
				CLANG_WARN_INT_CONVERSION = YES;
				CLANG_WARN_OBJC_ROOT_CLASS = YES;
				CLANG_WARN_UNREACHABLE_CODE = YES;
				CLANG_WARN__DUPLICATE_METHOD_MATCH = YES;
				COPY_PHASE_STRIP = YES;
				ENABLE_NS_ASSERTIONS = NO;
				ENABLE_TESTABILITY = YES;
				GCC_C_LANGUAGE_STANDARD = gnu99;
				GCC_WARN_64_TO_32_BIT_CONVERSION = YES;
				GCC_WARN_ABOUT_RETURN_TYPE = YES;
				GCC_WARN_UNDECLARED_SELECTOR = YES;
				GCC_WARN_UNINITIALIZED_AUTOS = YES;
				GCC_WARN_UNUSED_FUNCTION = YES;
				GCC_WARN_UNUSED_VARIABLE = YES;
				VALIDATE_PRODUCT = YES;
			};
			name = Release;
		};
		DE115A8114693B34ECEDAAD1 /* Debug */ = {
			isa = XCBuildConfiguration;
			buildSettings = {
				CLANG_ENABLE_MODULES = YES;
				"CODE_SIGN_IDENTITY[sdk=iphoneos*]" = "iPhone Developer";
				CURRENT_PROJECT_VERSION = 1;
				DEFINES_MODULE = YES;
				DYLIB_COMPATIBILITY_VERSION = 1;
				DYLIB_CURRENT_VERSION = 1;
				DYLIB_INSTALL_NAME_BASE = "@rpath";
				EMBEDDED_CONTENT_CONTAINS_SWIFT = YES;
				ENABLE_STRICT_OBJC_MSGSEND = YES;
				FRAMEWORK_SEARCH_PATHS = "$(SRCROOT)/Carthage/Build/iOS";
				INFOPLIST_FILE = Graph/Info.plist;
				INSTALL_PATH = "$(LOCAL_LIBRARY_DIR)/Frameworks";
				IPHONEOS_DEPLOYMENT_TARGET = 8.0;
				LD_RUNPATH_SEARCH_PATHS = "$(inherited) @executable_path/Frameworks @loader_path/Frameworks";
				MTL_ENABLE_DEBUG_INFO = YES;
				PRODUCT_BUNDLE_IDENTIFIER = com.bean.Graph;
				PRODUCT_NAME = Graph;
				SDKROOT = iphoneos;
				SKIP_INSTALL = YES;
				SWIFT_OPTIMIZATION_LEVEL = "-Onone";
				TARGETED_DEVICE_FAMILY = "1,2";
				VERSIONING_SYSTEM = "apple-generic";
				VERSION_INFO_PREFIX = "";
			};
			name = Debug;
		};
		E7F66F6E05A9B8482DA8D6E7 /* Debug */ = {
			isa = XCBuildConfiguration;
			buildSettings = {
				ALWAYS_SEARCH_USER_PATHS = NO;
				CLANG_CXX_LANGUAGE_STANDARD = "gnu++0x";
				CLANG_CXX_LIBRARY = "libc++";
				CLANG_ENABLE_MODULES = YES;
				CLANG_ENABLE_OBJC_ARC = YES;
				CLANG_WARN_BOOL_CONVERSION = YES;
				CLANG_WARN_CONSTANT_CONVERSION = YES;
				CLANG_WARN_DIRECT_OBJC_ISA_USAGE = YES;
				CLANG_WARN_EMPTY_BODY = YES;
				CLANG_WARN_ENUM_CONVERSION = YES;
				CLANG_WARN_INT_CONVERSION = YES;
				CLANG_WARN_OBJC_ROOT_CLASS = YES;
				CLANG_WARN_UNREACHABLE_CODE = YES;
				CLANG_WARN__DUPLICATE_METHOD_MATCH = YES;
				COPY_PHASE_STRIP = NO;
				ENABLE_TESTABILITY = YES;
				GCC_C_LANGUAGE_STANDARD = gnu99;
				GCC_DYNAMIC_NO_PIC = NO;
				GCC_OPTIMIZATION_LEVEL = 0;
				GCC_PREPROCESSOR_DEFINITIONS = (
					"DEBUG=1",
					"$(inherited)",
				);
				GCC_SYMBOLS_PRIVATE_EXTERN = NO;
				GCC_WARN_64_TO_32_BIT_CONVERSION = YES;
				GCC_WARN_ABOUT_RETURN_TYPE = YES;
				GCC_WARN_UNDECLARED_SELECTOR = YES;
				GCC_WARN_UNINITIALIZED_AUTOS = YES;
				GCC_WARN_UNUSED_FUNCTION = YES;
				GCC_WARN_UNUSED_VARIABLE = YES;
				ONLY_ACTIVE_ARCH = YES;
			};
			name = Debug;
		};
		F8F07CA87F1B2CBCD068490D /* Debug */ = {
			isa = XCBuildConfiguration;
			buildSettings = {
				CLANG_ENABLE_MODULES = YES;
				ENABLE_STRICT_OBJC_MSGSEND = YES;
				INFOPLIST_FILE = GraphTests/Info.plist;
				IPHONEOS_DEPLOYMENT_TARGET = 9.3;
				LD_RUNPATH_SEARCH_PATHS = "$(inherited) @executable_path/Frameworks @loader_path/Frameworks";
				MTL_ENABLE_DEBUG_INFO = YES;
				PRODUCT_NAME = "$(TARGET_NAME)";
				SDKROOT = iphoneos;
				SWIFT_OPTIMIZATION_LEVEL = "-Onone";
			};
			name = Debug;
		};
/* End XCBuildConfiguration section */

/* Begin XCConfigurationList section */
		1E3853A6E8930B2CAE20C843 /* Build configuration list for PBXNativeTarget "Graph" */ = {
			isa = XCConfigurationList;
			buildConfigurations = (
				276E0620CFC8FE127D3F4E1E /* Release */,
				DE115A8114693B34ECEDAAD1 /* Debug */,
			);
			defaultConfigurationIsVisible = 0;
			defaultConfigurationName = Release;
		};
		580B4D743523A01BF763512A /* Build configuration list for PBXNativeTarget "GraphMacTests" */ = {
			isa = XCConfigurationList;
			buildConfigurations = (
				947F238B8503E5720DA99F07 /* Release */,
				2D923E509DB90A88371AA7BE /* Debug */,
			);
			defaultConfigurationIsVisible = 0;
			defaultConfigurationName = Release;
		};
		5E09CC16D236689F0AF00DC5 /* Build configuration list for PBXNativeTarget "GraphMac" */ = {
			isa = XCConfigurationList;
			buildConfigurations = (
				C129E3CD64ACDE2FC525B754 /* Release */,
				B74AFE8D7D9297AEBE71C430 /* Debug */,
			);
			defaultConfigurationIsVisible = 0;
			defaultConfigurationName = Release;
		};
		777A408EB7C31AA3F70760A0 /* Build configuration list for PBXNativeTarget "GraphTests" */ = {
			isa = XCConfigurationList;
			buildConfigurations = (
				A41EDD2D1A0A2C1616C7BFDF /* Release */,
				F8F07CA87F1B2CBCD068490D /* Debug */,
			);
			defaultConfigurationIsVisible = 0;
			defaultConfigurationName = Release;
		};
		D5732865F6FB1720C33F347A /* Build configuration list for PBXProject "Graph" */ = {
			isa = XCConfigurationList;
			buildConfigurations = (
				E7F66F6E05A9B8482DA8D6E7 /* Debug */,
				DCF4A0D7EC78B88D1A41455B /* Release */,
			);
			defaultConfigurationIsVisible = 0;
			defaultConfigurationName = Release;
		};
/* End XCConfigurationList section */
	};
	rootObject = D54DC9D5965961C14B95B029 /* Project object */;
}
